
Microsoft Visual Studio Solution File, Format Version 12.00
# Visual Studio Version 17
VisualStudioVersion = 17.0.32112.339
MinimumVisualStudioVersion = 10.0.40219.1
Project("{9A19103F-16F7-4668-BE54-9A1E7A4F7556}") = "RubiksWord.API", "src\RubiksWord.API\RubiksWord.API.csproj", "{1C58D018-23BA-4428-A2D1-5E4A68B70B30}"
	ProjectSection(ProjectDependencies) = postProject
		{7664C6A2-B7D2-4576-906C-0932EFCF2985} = {7664C6A2-B7D2-4576-906C-0932EFCF2985}
	EndProjectSection
EndProject
Project("{9A19103F-16F7-4668-BE54-9A1E7A4F7556}") = "RubiksWord.Core", "src\RubiksWord.Core\RubiksWord.Core.csproj", "{7664C6A2-B7D2-4576-906C-0932EFCF2985}"
EndProject
Project("{9A19103F-16F7-4668-BE54-9A1E7A4F7556}") = "RubiksWord.DAL", "src\RubiksWord.DAL\RubiksWord.DAL.csproj", "{CCDE7453-36B0-4835-BFDE-88C24AE8CC9B}"
	ProjectSection(ProjectDependencies) = postProject
		{7664C6A2-B7D2-4576-906C-0932EFCF2985} = {7664C6A2-B7D2-4576-906C-0932EFCF2985}
	EndProjectSection
EndProject
Project("{2150E333-8FDC-42A3-9474-1A3956D46DE8}") = "src", "src", "{796D4267-4910-40BC-B223-64C64E274F00}"
EndProject
Project("{2150E333-8FDC-42A3-9474-1A3956D46DE8}") = "test", "test", "{3B58B585-D90D-43A5-AD13-D02F11640476}"
EndProject
Global
	GlobalSection(SolutionConfigurationPlatforms) = preSolution
		Debug|Any CPU = Debug|Any CPU
		Release|Any CPU = Release|Any CPU
	EndGlobalSection
	GlobalSection(ProjectConfigurationPlatforms) = postSolution
		{1C58D018-23BA-4428-A2D1-5E4A68B70B30}.Debug|Any CPU.ActiveCfg = Debug|Any CPU
		{1C58D018-23BA-4428-A2D1-5E4A68B70B30}.Debug|Any CPU.Build.0 = Debug|Any CPU
		{1C58D018-23BA-4428-A2D1-5E4A68B70B30}.Release|Any CPU.ActiveCfg = Release|Any CPU
		{1C58D018-23BA-4428-A2D1-5E4A68B70B30}.Release|Any CPU.Build.0 = Release|Any CPU
		{7664C6A2-B7D2-4576-906C-0932EFCF2985}.Debug|Any CPU.ActiveCfg = Debug|Any CPU
		{7664C6A2-B7D2-4576-906C-0932EFCF2985}.Debug|Any CPU.Build.0 = Debug|Any CPU
		{7664C6A2-B7D2-4576-906C-0932EFCF2985}.Release|Any CPU.ActiveCfg = Release|Any CPU
		{7664C6A2-B7D2-4576-906C-0932EFCF2985}.Release|Any CPU.Build.0 = Release|Any CPU
		{CCDE7453-36B0-4835-BFDE-88C24AE8CC9B}.Debug|Any CPU.ActiveCfg = Debug|Any CPU
		{CCDE7453-36B0-4835-BFDE-88C24AE8CC9B}.Debug|Any CPU.Build.0 = Debug|Any CPU
		{CCDE7453-36B0-4835-BFDE-88C24AE8CC9B}.Release|Any CPU.ActiveCfg = Release|Any CPU
		{CCDE7453-36B0-4835-BFDE-88C24AE8CC9B}.Release|Any CPU.Build.0 = Release|Any CPU
	EndGlobalSection
	GlobalSection(SolutionProperties) = preSolution
		HideSolutionNode = FALSE
	EndGlobalSection
	GlobalSection(NestedProjects) = preSolution
		{1C58D018-23BA-4428-A2D1-5E4A68B70B30} = {796D4267-4910-40BC-B223-64C64E274F00}
		{7664C6A2-B7D2-4576-906C-0932EFCF2985} = {796D4267-4910-40BC-B223-64C64E274F00}
		{CCDE7453-36B0-4835-BFDE-88C24AE8CC9B} = {796D4267-4910-40BC-B223-64C64E274F00}
	EndGlobalSection
	GlobalSection(ExtensibilityGlobals) = postSolution
		SolutionGuid = {FD555D25-75DF-4D69-87DC-4CFCCFA95724}
	EndGlobalSection
EndGlobal
